github.com/eclipse/paho.mqtt.golang v1.4.3 h1:2kwcUGn8seMUfWndX0hGbvH8r7crgcJguQNCyp70xik=
github.com/eclipse/paho.mqtt.golang v1.4.3/go.mod h1:CSYvoAlsMkhYOXh/oKyxa8EcBci6dVkLCbo5tTC1RIE=
github.com/gorilla/websocket v1.5.1 h1:gmztn0JnHVt9JZquRuzLw3g4wouNVzKL15iLr/zn/QY=
github.com/gorilla/websocket v1.5.1/go.mod h1:x3kM2JMyaluk02fnUJpQuwD2dCS5NDG2ZHL0uE0tcaY=
github.com/kelseyhightower/envconfig v1.4.0 h1:Im6hONhd3pLkfDFsbRgu68RDNkGF1r3dvMUtDTo2cv8=
github.com/kelseyhightower/envconfig v1.4.0/go.mod h1:cccZRl6mQpaq41TPp5QxidR+Sa3axMbJDNb//FQX6Gg=
github.com/pvainio/vallox-rs485 v0.0.6 h1:dSFqqoPdMtEf0euSymRH0XNnUOJ9/ECyNP5lpy6CWyA=
github.com/pvainio/vallox-rs485 v0.0.6/go.mod h1:xJ4a2TAYmOO7qkl3WhWA2Il85h2bQVeR5Z7WubdjA2U=
github.com/pvainio/vallox-rs485 v0.0.7 h1:22lO5i9nePHQyvHzAbKAyxPUdElFF+fMZPY9QOb0+bM=
github.com/pvainio/vallox-rs485 v0.0.7/go.mod h1:xJ4a2TAYmOO7qkl3WhWA2Il85h2bQVeR5Z7WubdjA2U=
github.com/pvainio/vallox-rs485 v0.0.8 h1:X/swdTPF0rgZK5MfDsqVEC+pTGdg8vJMnPrbp3/t98c=
github.com/pvainio/vallox-rs485 v0.0.8/go.mod h1:xJ4a2TAYmOO7qkl3WhWA2Il85h2bQVeR5Z7WubdjA2U=
github.com/tarm/serial v0.0.0-20180830185346-98f6abe2eb07 h1:UyzmZLoiDWMRywV4DUYb9Fbt8uiOSooupjTq10vpvnU=
github.com/tarm/serial v0.0.0-20180830185346-98f6abe2eb07/go.mod h1:kDXzergiv9cbyO7IOYJZWg1U88JhDg3PB6klq9Hg2pA=
golang.org/x/net v0.24.0 h1:1PcaxkF854Fu3+lvBIx5SYn9wRlBzzcnHZSiaFFAb0w=
golang.org/x/net v0.24.0/go.mod h1:2Q7sJY5mzlzWjKtYUEXSlBWCdyaioyXzRB2RtU8KVE8=
golang.org/x/sync v0.7.0 h1:YsImfSBoP9QPYL0xyKJPq0gcaJdG3rInoqxTWbfQu9M=
golang.org/x/sync v0.7.0/go.mod h1:Czt+wKu1gCyEFDUtn0jG5QVvpJ6rzVqr5aXyt9drQfk=
golang.org/x/sys v0.19.0 h1:q5f1RH2jigJ1MoAWp2KTp3gm5zAGFUTarQZ5U386+4o=
golang.org/x/sys v0.19.0/go.mod h1:/VUhepiaJMQUp4+oa/7Zr1D23ma6VTLIYjOOTFZPUcA=
